
Microsoft Visual Studio Solution File, Format Version 12.00
# Visual Studio Version 16
VisualStudioVersion = 16.0.31112.23
MinimumVisualStudioVersion = 10.0.40219.1
Project("{8BC9CEB8-8B4A-11D0-8D11-00A0C91BC942}") = "Arkade", "Arkade.vcxproj", "{DD2A318B-B851-408B-82BD-FFEF64EC8423}"
EndProject
Project("{8BC9CEB8-8B4A-11D0-8D11-00A0C91BC942}") = "Asteroids", "..\Asteroids\Asteroids.vcxproj", "{27B75828-A10B-42D9-A159-DB0D1E115E62}"
	ProjectSection(ProjectDependencies) = postProject
		{DD2A318B-B851-408B-82BD-FFEF64EC8423} = {DD2A318B-B851-408B-82BD-FFEF64EC8423}
	EndProjectSection
EndProject
Project("{2150E333-8FDC-42A3-9474-1A3956D46DE8}") = "Solution Items", "Solution Items", "{8BEA6180-B64E-4AA6-97F8-25148F4F9A14}"
EndProject
Project("{8BC9CEB8-8B4A-11D0-8D11-00A0C91BC942}") = "FrankyFish", "..\FrankyFish\FrankyFish.vcxproj", "{7FF4AD75-B2B0-4490-8973-2F113ED0D18A}"
EndProject
Project("{8BC9CEB8-8B4A-11D0-8D11-00A0C91BC942}") = "WarMonger", "..\WarMonger\WarMonger.vcxproj", "{92AED0A1-78F5-439E-A74B-DF55FC1A6C83}"
	ProjectSection(ProjectDependencies) = postProject
		{DD2A318B-B851-408B-82BD-FFEF64EC8423} = {DD2A318B-B851-408B-82BD-FFEF64EC8423}
	EndProjectSection
EndProject
Global
	GlobalSection(SolutionConfigurationPlatforms) = preSolution
		Debug|x64 = Debug|x64
		Debug|x86 = Debug|x86
		Release|x64 = Release|x64
		Release|x86 = Release|x86
	EndGlobalSection
	GlobalSection(ProjectConfigurationPlatforms) = postSolution
		{DD2A318B-B851-408B-82BD-FFEF64EC8423}.Debug|x64.ActiveCfg = Debug|x64
		{DD2A318B-B851-408B-82BD-FFEF64EC8423}.Debug|x64.Build.0 = Debug|x64
		{DD2A318B-B851-408B-82BD-FFEF64EC8423}.Debug|x86.ActiveCfg = Debug|Win32
		{DD2A318B-B851-408B-82BD-FFEF64EC8423}.Debug|x86.Build.0 = Debug|Win32
		{DD2A318B-B851-408B-82BD-FFEF64EC8423}.Release|x64.ActiveCfg = Release|x64
		{DD2A318B-B851-408B-82BD-FFEF64EC8423}.Release|x64.Build.0 = Release|x64
		{DD2A318B-B851-408B-82BD-FFEF64EC8423}.Release|x86.ActiveCfg = Release|Win32
		{DD2A318B-B851-408B-82BD-FFEF64EC8423}.Release|x86.Build.0 = Release|Win32
		{27B75828-A10B-42D9-A159-DB0D1E115E62}.Debug|x64.ActiveCfg = Debug|x64
		{27B75828-A10B-42D9-A159-DB0D1E115E62}.Debug|x64.Build.0 = Debug|x64
		{27B75828-A10B-42D9-A159-DB0D1E115E62}.Debug|x86.ActiveCfg = Debug|Win32
		{27B75828-A10B-42D9-A159-DB0D1E115E62}.Debug|x86.Build.0 = Debug|Win32
		{27B75828-A10B-42D9-A159-DB0D1E115E62}.Release|x64.ActiveCfg = Release|x64
		{27B75828-A10B-42D9-A159-DB0D1E115E62}.Release|x64.Build.0 = Release|x64
		{27B75828-A10B-42D9-A159-DB0D1E115E62}.Release|x86.ActiveCfg = Release|Win32
		{27B75828-A10B-42D9-A159-DB0D1E115E62}.Release|x86.Build.0 = Release|Win32
		{7FF4AD75-B2B0-4490-8973-2F113ED0D18A}.Debug|x64.ActiveCfg = Debug|x64
		{7FF4AD75-B2B0-4490-8973-2F113ED0D18A}.Debug|x64.Build.0 = Debug|x64
		{7FF4AD75-B2B0-4490-8973-2F113ED0D18A}.Debug|x86.ActiveCfg = Debug|Win32
		{7FF4AD75-B2B0-4490-8973-2F113ED0D18A}.Debug|x86.Build.0 = Debug|Win32
		{7FF4AD75-B2B0-4490-8973-2F113ED0D18A}.Release|x64.ActiveCfg = Release|x64
		{7FF4AD75-B2B0-4490-8973-2F113ED0D18A}.Release|x64.Build.0 = Release|x64
		{7FF4AD75-B2B0-4490-8973-2F113ED0D18A}.Release|x86.ActiveCfg = Release|Win32
		{7FF4AD75-B2B0-4490-8973-2F113ED0D18A}.Release|x86.Build.0 = Release|Win32
		{92AED0A1-78F5-439E-A74B-DF55FC1A6C83}.Debug|x64.ActiveCfg = Debug|x64
		{92AED0A1-78F5-439E-A74B-DF55FC1A6C83}.Debug|x64.Build.0 = Debug|x64
		{92AED0A1-78F5-439E-A74B-DF55FC1A6C83}.Debug|x86.ActiveCfg = Debug|Win32
		{92AED0A1-78F5-439E-A74B-DF55FC1A6C83}.Debug|x86.Build.0 = Debug|Win32
		{92AED0A1-78F5-439E-A74B-DF55FC1A6C83}.Release|x64.ActiveCfg = Release|x64
		{92AED0A1-78F5-439E-A74B-DF55FC1A6C83}.Release|x64.Build.0 = Release|x64
		{92AED0A1-78F5-439E-A74B-DF55FC1A6C83}.Release|x86.ActiveCfg = Release|Win32
		{92AED0A1-78F5-439E-A74B-DF55FC1A6C83}.Release|x86.Build.0 = Release|Win32
	EndGlobalSection
	GlobalSection(SolutionProperties) = preSolution
		HideSolutionNode = FALSE
	EndGlobalSection
	GlobalSection(ExtensibilityGlobals) = postSolution
		SolutionGuid = {1F1E5DC0-73BF-4996-92E0-32E790FA93D2}
	EndGlobalSection
EndGlobal
